
Microsoft Visual Studio Solution File, Format Version 12.00
# Visual Studio Version 17
VisualStudioVersion = 17.11.35327.3
MinimumVisualStudioVersion = 10.0.40219.1
Project("{FAE04EC0-301F-11D3-BF4B-00C04F79EFBC}") = "Ortalama2", "221120241056_Mehmet Kerim_Gündemir(3)\Ortalama2.csproj", "{BE765C6B-FFDE-4C0E-A4F8-ADF43401A074}"
EndProject
Global
	GlobalSection(SolutionConfigurationPlatforms) = preSolution
		Debug|Any CPU = Debug|Any CPU
		Release|Any CPU = Release|Any CPU
	EndGlobalSection
	GlobalSection(ProjectConfigurationPlatforms) = postSolution
		{BE765C6B-FFDE-4C0E-A4F8-ADF43401A074}.Debug|Any CPU.ActiveCfg = Debug|Any CPU
		{BE765C6B-FFDE-4C0E-A4F8-ADF43401A074}.Debug|Any CPU.Build.0 = Debug|Any CPU
		{BE765C6B-FFDE-4C0E-A4F8-ADF43401A074}.Release|Any CPU.ActiveCfg = Release|Any CPU
		{BE765C6B-FFDE-4C0E-A4F8-ADF43401A074}.Release|Any CPU.Build.0 = Release|Any CPU
	EndGlobalSection
	GlobalSection(SolutionProperties) = preSolution
		HideSolutionNode = FALSE
	EndGlobalSection
	GlobalSection(ExtensibilityGlobals) = postSolution
		SolutionGuid = {D7EA93E3-7BFC-4E19-8E6C-7CD6B2EFD427}
	EndGlobalSection
EndGlobal
